lockfileVersion: '9.0'

settings:
  autoInstallPeers: true
  excludeLinksFromLockfile: false

importers:

  .:
    dependencies:
      aws-cdk-lib:
        specifier: 2.239.0
        version: 2.239.0(constructs@10.5.1)
      constructs:
        specifier: 10.5.1
        version: 10.5.1
      source-map-support:
        specifier: 0.5.21
        version: 0.5.21
    devDependencies:
      '@types/node':
        specifier: 25.3.0
        version: 25.3.0
      aws-cdk:
        specifier: 2.1106.1
        version: 2.1106.1
      cdk-nag:
        specifier: 2.37.55
        version: 2.37.55(aws-cdk-lib@2.239.0(constructs@10.5.1))(constructs@10.5.1)
      typescript:
        specifier: 5.9.3
        version: 5.9.3

packages:

  '@aws-cdk/asset-awscli-v1@2.2.263':
    resolution: {integrity: sha512-X9JvcJhYcb7PHs8R7m4zMablO5C9PGb/hYfLnxds9h/rKJu6l7MiXE/SabCibuehxPnuO/vk+sVVJiUWrccarQ==}

  '@aws-cdk/asset-node-proxy-agent-v6@2.1.0':
    resolution: {integrity: sha512-7bY3J8GCVxLupn/kNmpPc5VJz8grx+4RKfnnJiO1LG+uxkZfANZG3RMHhE+qQxxwkyQ9/MfPtTpf748UhR425A==}

  '@aws-cdk/cloud-assembly-schema@50.4.0':
    resolution: {integrity: sha512-9Cplwc5C+SNe3hMfqZET7gXeM68tiH2ytQytCi+zz31Bn7O3GAgAnC2dYe+HWnZAgVH788ZkkBwnYXkeqx7v4g==}
    engines: {node: '>= 18.0.0'}
    bundledDependencies:
      - jsonschema
      - semver

  '@types/node@25.3.0':
    resolution: {integrity: sha512-4K3bqJpXpqfg2XKGK9bpDTc6xO/xoUP/RBWS7AtRMug6zZFaRekiLzjVtAoZMquxoAbzBvy5nxQ7veS5eYzf8A==}

  aws-cdk-lib@2.239.0:
    resolution: {integrity: sha512-0qpYrE4HL6yRaQriRukfX7m82vNj3otce6v4Y5qK859ILdZBCaz/wqqYgdTnFh6LcA11GAg/Y8l8a+j/VtczyA==}
    engines: {node: '>= 18.0.0'}
    peerDependencies:
      constructs: ^10.5.0
    bundledDependencies:
      - '@balena/dockerignore'
      - '@aws-cdk/cloud-assembly-api'
      - case
      - fs-extra
      - ignore
      - jsonschema
      - minimatch
      - punycode
      - semver
      - table
      - yaml
      - mime-types

  aws-cdk@2.1106.1:
    resolution: {integrity: sha512-oSKAvM6a5dVNb+OZoLyjLe2rIkG6URVRHN+cOUZM9uEScYDYPn2KpOQ1iGofH6szsJp76GqQqpiwEpaYXrIHmw==}
    engines: {node: '>= 18.0.0'}
    hasBin: true

  buffer-from@1.1.2:
    resolution: {integrity: sha512-E+XQCRwSbaaiChtv6k6Dwgc+bx+Bs6vuKJHHl5kox/BaKbhiXzqQOwK4cO22yElGp2OCmjwVhT3HmxgyPGnJfQ==}

  cdk-nag@2.37.55:
    resolution: {integrity: sha512-xcAkygwbph3pp7N0UEzJBmXUH/MIsluV7DYJSeZ/V3yCr0Y0QaRGO298WyD6mi4K+Rmnpl+EJoWUxcOblOqLKA==}
    peerDependencies:
      aws-cdk-lib: ^2.176.0
      constructs: ^10.0.5

  constructs@10.5.1:
    resolution: {integrity: sha512-f/TfFXiS3G/yVIXDjOQn9oTlyu9Wo7Fxyjj7lb8r92iO81jR2uST+9MstxZTmDGx/CgIbxCXkFXgupnLTNxQZg==}

  source-map-support@0.5.21:
    resolution: {integrity: sha512-uBHU3L3czsIyYXKX88fdrGovxdSCoTGDRZ6SYXtSRxLZUzHg5P/66Ht6uoUlHu9EZod+inXhKo3qQgwXUT/y1w==}

  source-map@0.6.1:
    resolution: {integrity: sha512-UjgapumWlbMhkBgzT7Ykc5YXUT46F0iKu8SGXq0bcwP5dz/h0Plj6enJqjz1Zbq2l5WaqYnrVbwWOWMyF3F47g==}
    engines: {node: '>=0.10.0'}

  typescript@5.9.3:
    resolution: {integrity: sha512-jl1vZzPDinLr9eUt3J/t7V6FgNEw9QjvBPdysz9KfQDD41fQrC2Y4vKQdiaUpFT4bXlb1RHhLpp8wtm6M5TgSw==}
    engines: {node: '>=14.17'}
    hasBin: true

  undici-types@7.18.2:
    resolution: {integrity: sha512-AsuCzffGHJybSaRrmr5eHr81mwJU3kjw6M+uprWvCXiNeN9SOGwQ3Jn8jb8m3Z6izVgknn1R0FTCEAP2QrLY/w==}

snapshots:

  '@aws-cdk/asset-awscli-v1@2.2.263': {}

  '@aws-cdk/asset-node-proxy-agent-v6@2.1.0': {}

  '@aws-cdk/cloud-assembly-schema@50.4.0': {}

  '@types/node@25.3.0':
    dependencies:
      undici-types: 7.18.2

  aws-cdk-lib@2.239.0(constructs@10.5.1):
    dependencies:
      '@aws-cdk/asset-awscli-v1': 2.2.263
      '@aws-cdk/asset-node-proxy-agent-v6': 2.1.0
      '@aws-cdk/cloud-assembly-schema': 50.4.0
      constructs: 10.5.1

  aws-cdk@2.1106.1: {}

  buffer-from@1.1.2: {}

  cdk-nag@2.37.55(aws-cdk-lib@2.239.0(constructs@10.5.1))(constructs@10.5.1):
    dependencies:
      aws-cdk-lib: 2.239.0(constructs@10.5.1)
      constructs: 10.5.1

  constructs@10.5.1: {}

  source-map-support@0.5.21:
    dependencies:
      buffer-from: 1.1.2
      source-map: 0.6.1

  source-map@0.6.1: {}

  typescript@5.9.3: {}

  undici-types@7.18.2: {}
